// !$*UTF8*$!
{
	archiveVersion = 1;
	classes = {
	};
	objectVersion = 50;
	objects = {

/* Begin PBXBuildFile section */
		183E5D67226CA984000F51B5 /* AppDelegate.swift in Sources */ = {isa = PBXBuildFile; fileRef = 183E5D66226CA984000F51B5 /* AppDelegate.swift */; };
		183E5D69226CA984000F51B5 /* ViewController.swift in Sources */ = {isa = PBXBuildFile; fileRef = 183E5D68226CA984000F51B5 /* ViewController.swift */; };
		183E5D6C226CA984000F51B5 /* Main.storyboard in Resources */ = {isa = PBXBuildFile; fileRef = 183E5D6A226CA984000F51B5 /* Main.storyboard */; };
		183E5D6E226CA986000F51B5 /* Assets.xcassets in Resources */ = {isa = PBXBuildFile; fileRef = 183E5D6D226CA986000F51B5 /* Assets.xcassets */; };
		183E5D71226CA986000F51B5 /* LaunchScreen.storyboard in Resources */ = {isa = PBXBuildFile; fileRef = 183E5D6F226CA986000F51B5 /* LaunchScreen.storyboard */; };
		183E5D7A226CAE2B000F51B5 /* GoogleService-Info.plist in Resources */ = {isa = PBXBuildFile; fileRef = 183E5D79226CAE2A000F51B5 /* GoogleService-Info.plist */; };
		183E5D7C226CB923000F51B5 /* EntrarViewController.swift in Sources */ = {isa = PBXBuildFile; fileRef = 183E5D7B226CB923000F51B5 /* EntrarViewController.swift */; };
		183E5D7E226CB93B000F51B5 /* CadastroViewController.swift in Sources */ = {isa = PBXBuildFile; fileRef = 183E5D7D226CB93B000F51B5 /* CadastroViewController.swift */; };
		1891FE73229496EE0070BFBD /* Snap.swift in Sources */ = {isa = PBXBuildFile; fileRef = 1891FE72229496EE0070BFBD /* Snap.swift */; };
		1891FE752294E3490070BFBD /* DetalhesSnapViewController.swift in Sources */ = {isa = PBXBuildFile; fileRef = 1891FE742294E3490070BFBD /* DetalhesSnapViewController.swift */; };
		189D14D422908DF30076448A /* SnapsViewController.swift in Sources */ = {isa = PBXBuildFile; fileRef = 189D14D322908DF30076448A /* SnapsViewController.swift */; };
		189D14D622908E2E0076448A /* FotoViewController.swift in Sources */ = {isa = PBXBuildFile; fileRef = 189D14D522908E2E0076448A /* FotoViewController.swift */; };
		18B49C112293679500B328B5 /* Alerta.swift in Sources */ = {isa = PBXBuildFile; fileRef = 18B49C102293679500B328B5 /* Alerta.swift */; };
		18B49C13229376EE00B328B5 /* UsersTableViewController.swift in Sources */ = {isa = PBXBuildFile; fileRef = 18B49C12229376EE00B328B5 /* UsersTableViewController.swift */; };
		18B49C1522937A4D00B328B5 /* Usuario.swift in Sources */ = {isa = PBXBuildFile; fileRef = 18B49C1422937A4D00B328B5 /* Usuario.swift */; };
		223093EF7C0F7026DEA0349B /* Pods_Snapchat.framework in Frameworks */ = {isa = PBXBuildFile; fileRef = 818B35433E5A6DBD611729CD /* Pods_Snapchat.framework */; };
/* End PBXBuildFile section */

/* Begin PBXFileReference section */
		183E5D63226CA984000F51B5 /* Snapchat.app */ = {isa = PBXFileReference; explicitFileType = wrapper.application; includeInIndex = 0; path = Snapchat.app; sourceTree = BUILT_PRODUCTS_DIR; };
		183E5D66226CA984000F51B5 /* AppDelegate.swift */ = {isa = PBXFileReference; lastKnownFileType = sourcecode.swift; path = AppDelegate.swift; sourceTree = "<group>"; };
		183E5D68226CA984000F51B5 /* ViewController.swift */ = {isa = PBXFileReference; lastKnownFileType = sourcecode.swift; path = ViewController.swift; sourceTree = "<group>"; };
		183E5D6B226CA984000F51B5 /* Base */ = {isa = PBXFileReference; lastKnownFileType = file.storyboard; name = Base; path = Base.lproj/Main.storyboard; sourceTree = "<group>"; };
		183E5D6D226CA986000F51B5 /* Assets.xcassets */ = {isa = PBXFileReference; lastKnownFileType = folder.assetcatalog; path = Assets.xcassets; sourceTree = "<group>"; };
		183E5D70226CA986000F51B5 /* Base */ = {isa = PBXFileReference; lastKnownFileType = file.storyboard; name = Base; path = Base.lproj/LaunchScreen.storyboard; sourceTree = "<group>"; };
		183E5D72226CA986000F51B5 /* Info.plist */ = {isa = PBXFileReference; lastKnownFileType = text.plist.xml; path = Info.plist; sourceTree = "<group>"; };
		183E5D78226CA9A2000F51B5 /* Snapchat.entitlements */ = {isa = PBXFileReference; lastKnownFileType = text.plist.entitlements; path = Snapchat.entitlements; sourceTree = "<group>"; };
		183E5D79226CAE2A000F51B5 /* GoogleService-Info.plist */ = {isa = PBXFileReference; fileEncoding = 4; lastKnownFileType = text.plist.xml; path = "GoogleService-Info.plist"; sourceTree = "<group>"; };
		183E5D7B226CB923000F51B5 /* EntrarViewController.swift */ = {isa = PBXFileReference; lastKnownFileType = sourcecode.swift; path = EntrarViewController.swift; sourceTree = "<group>"; };
		183E5D7D226CB93B000F51B5 /* CadastroViewController.swift */ = {isa = PBXFileReference; lastKnownFileType = sourcecode.swift; path = CadastroViewController.swift; sourceTree = "<group>"; };
		1891FE72229496EE0070BFBD /* Snap.swift */ = {isa = PBXFileReference; lastKnownFileType = sourcecode.swift; path = Snap.swift; sourceTree = "<group>"; };
		1891FE742294E3490070BFBD /* DetalhesSnapViewController.swift */ = {isa = PBXFileReference; lastKnownFileType = sourcecode.swift; path = DetalhesSnapViewController.swift; sourceTree = "<group>"; };
		189D14D322908DF30076448A /* SnapsViewController.swift */ = {isa = PBXFileReference; lastKnownFileType = sourcecode.swift; path = SnapsViewController.swift; sourceTree = "<group>"; };
		189D14D522908E2E0076448A /* FotoViewController.swift */ = {isa = PBXFileReference; lastKnownFileType = sourcecode.swift; path = FotoViewController.swift; sourceTree = "<group>"; };
		18B49C102293679500B328B5 /* Alerta.swift */ = {isa = PBXFileReference; lastKnownFileType = sourcecode.swift; path = Alerta.swift; sourceTree = "<group>"; };
		18B49C12229376EE00B328B5 /* UsersTableViewController.swift */ = {isa = PBXFileReference; lastKnownFileType = sourcecode.swift; path = UsersTableViewController.swift; sourceTree = "<group>"; };
		18B49C1422937A4D00B328B5 /* Usuario.swift */ = {isa = PBXFileReference; lastKnownFileType = sourcecode.swift; path = Usuario.swift; sourceTree = "<group>"; };
		5FF0E8FA1EFE59B9E5CCD558 /* Pods-Snapchat.release.xcconfig */ = {isa = PBXFileReference; includeInIndex = 1; lastKnownFileType = text.xcconfig; name = "Pods-Snapchat.release.xcconfig"; path = "Target Support Files/Pods-Snapchat/Pods-Snapchat.release.xcconfig"; sourceTree = "<group>"; };
		818B35433E5A6DBD611729CD /* Pods_Snapchat.framework */ = {isa = PBXFileReference; explicitFileType = wrapper.framework; includeInIndex = 0; path = Pods_Snapchat.framework; sourceTree = BUILT_PRODUCTS_DIR; };
		B42A4EA1389E63033B8946C9 /* Pods-Snapchat.debug.xcconfig */ = {isa = PBXFileReference; includeInIndex = 1; lastKnownFileType = text.xcconfig; name = "Pods-Snapchat.debug.xcconfig"; path = "Target Support Files/Pods-Snapchat/Pods-Snapchat.debug.xcconfig"; sourceTree = "<group>"; };
/* End PBXFileReference section */

/* Begin PBXFrameworksBuildPhase section */
		183E5D60226CA984000F51B5 /* Frameworks */ = {
			isa = PBXFrameworksBuildPhase;
			buildActionMask = 2147483647;
			files = (
				223093EF7C0F7026DEA0349B /* Pods_Snapchat.framework in Frameworks */,
			);
			runOnlyForDeploymentPostprocessing = 0;
		};
/* End PBXFrameworksBuildPhase section */

/* Begin PBXGroup section */
		183E5D5A226CA984000F51B5 = {
			isa = PBXGroup;
			children = (
				183E5D65226CA984000F51B5 /* Snapchat */,
				183E5D64226CA984000F51B5 /* Products */,
				34A8BB643C91B0B9792A1A7A /* Pods */,
				F33E735E89D042A8C589235C /* Frameworks */,
			);
			sourceTree = "<group>";
		};
		183E5D64226CA984000F51B5 /* Products */ = {
			isa = PBXGroup;
			children = (
				183E5D63226CA984000F51B5 /* Snapchat.app */,
			);
			name = Products;
			sourceTree = "<group>";
		};
		183E5D65226CA984000F51B5 /* Snapchat */ = {
			isa = PBXGroup;
			children = (
				18B49C0F2293674B00B328B5 /* Models */,
				18B49C0E2293671E00B328B5 /* ViewControllers */,
				183E5D78226CA9A2000F51B5 /* Snapchat.entitlements */,
				183E5D66226CA984000F51B5 /* AppDelegate.swift */,
				183E5D6A226CA984000F51B5 /* Main.storyboard */,
				183E5D6D226CA986000F51B5 /* Assets.xcassets */,
				183E5D6F226CA986000F51B5 /* LaunchScreen.storyboard */,
				183E5D72226CA986000F51B5 /* Info.plist */,
				183E5D79226CAE2A000F51B5 /* GoogleService-Info.plist */,
			);
			path = Snapchat;
			sourceTree = "<group>";
		};
		18B49C0E2293671E00B328B5 /* ViewControllers */ = {
			isa = PBXGroup;
			children = (
				183E5D7D226CB93B000F51B5 /* CadastroViewController.swift */,
				1891FE742294E3490070BFBD /* DetalhesSnapViewController.swift */,
				183E5D7B226CB923000F51B5 /* EntrarViewController.swift */,
				189D14D522908E2E0076448A /* FotoViewController.swift */,
				189D14D322908DF30076448A /* SnapsViewController.swift */,
				18B49C12229376EE00B328B5 /* UsersTableViewController.swift */,
				183E5D68226CA984000F51B5 /* ViewController.swift */,
			);
			path = ViewControllers;
			sourceTree = "<group>";
		};
		18B49C0F2293674B00B328B5 /* Models */ = {
			isa = PBXGroup;
			children = (
				18B49C102293679500B328B5 /* Alerta.swift */,
				18B49C1422937A4D00B328B5 /* Usuario.swift */,
				1891FE72229496EE0070BFBD /* Snap.swift */,
			);
			path = Models;
			sourceTree = "<group>";
		};
		34A8BB643C91B0B9792A1A7A /* Pods */ = {
			isa = PBXGroup;
			children = (
				B42A4EA1389E63033B8946C9 /* Pods-Snapchat.debug.xcconfig */,
				5FF0E8FA1EFE59B9E5CCD558 /* Pods-Snapchat.release.xcconfig */,
			);
			path = Pods;
			sourceTree = "<group>";
		};
		F33E735E89D042A8C589235C /* Frameworks */ = {
			isa = PBXGroup;
			children = (
				818B35433E5A6DBD611729CD /* Pods_Snapchat.framework */,
			);
			name = Frameworks;
			sourceTree = "<group>";
		};
/* End PBXGroup section */

/* Begin PBXNativeTarget section */
		183E5D62226CA984000F51B5 /* Snapchat */ = {
			isa = PBXNativeTarget;
			buildConfigurationList = 183E5D75226CA986000F51B5 /* Build configuration list for PBXNativeTarget "Snapchat" */;
			buildPhases = (
				D231D4EFCA2EE0642F655804 /* [CP] Check Pods Manifest.lock */,
				183E5D5F226CA984000F51B5 /* Sources */,
				183E5D60226CA984000F51B5 /* Frameworks */,
				183E5D61226CA984000F51B5 /* Resources */,
				6EF2D4D47A093EFFED3F92B7 /* [CP] Embed Pods Frameworks */,
			);
			buildRules = (
			);
			dependencies = (
			);
			name = Snapchat;
			productName = Snapchat;
			productReference = 183E5D63226CA984000F51B5 /* Snapchat.app */;
			productType = "com.apple.product-type.application";
		};
/* End PBXNativeTarget section */

/* Begin PBXProject section */
		183E5D5B226CA984000F51B5 /* Project object */ = {
			isa = PBXProject;
			attributes = {
				LastSwiftUpdateCheck = 1020;
				LastUpgradeCheck = 1020;
				ORGANIZATIONNAME = DiasDevelopers;
				TargetAttributes = {
					183E5D62226CA984000F51B5 = {
						CreatedOnToolsVersion = 10.2.1;
						SystemCapabilities = {
							com.apple.Keychain = {
								enabled = 1;
							};
						};
					};
				};
			};
			buildConfigurationList = 183E5D5E226CA984000F51B5 /* Build configuration list for PBXProject "Snapchat" */;
			compatibilityVersion = "Xcode 9.3";
			developmentRegion = en;
			hasScannedForEncodings = 0;
			knownRegions = (
				en,
				Base,
			);
			mainGroup = 183E5D5A226CA984000F51B5;
			productRefGroup = 183E5D64226CA984000F51B5 /* Products */;
			projectDirPath = "";
			projectRoot = "";
			targets = (
				183E5D62226CA984000F51B5 /* Snapchat */,
			);
		};
/* End PBXProject section */

/* Begin PBXResourcesBuildPhase section */
		183E5D61226CA984000F51B5 /* Resources */ = {
			isa = PBXResourcesBuildPhase;
			buildActionMask = 2147483647;
			files = (
				183E5D71226CA986000F51B5 /* LaunchScreen.storyboard in Resources */,
				183E5D7A226CAE2B000F51B5 /* GoogleService-Info.plist in Resources */,
				183E5D6E226CA986000F51B5 /* Assets.xcassets in Resources */,
				183E5D6C226CA984000F51B5 /* Main.storyboard in Resources */,
			);
			runOnlyForDeploymentPostprocessing = 0;
		};
/* End PBXResourcesBuildPhase section */

/* Begin PBXShellScriptBuildPhase section */
		6EF2D4D47A093EFFED3F92B7 /* [CP] Embed Pods Frameworks */ = {
			isa = PBXShellScriptBuildPhase;
			buildActionMask = 2147483647;
			files = (
			);
			inputFileListPaths = (
			);
			inputPaths = (
				"${PODS_ROOT}/Target Support Files/Pods-Snapchat/Pods-Snapchat-frameworks.sh",
				"${BUILT_PRODUCTS_DIR}/GTMSessionFetcher/GTMSessionFetcher.framework",
				"${BUILT_PRODUCTS_DIR}/GoogleUtilities/GoogleUtilities.framework",
				"${BUILT_PRODUCTS_DIR}/SDWebImage/SDWebImage.framework",
				"${BUILT_PRODUCTS_DIR}/leveldb-library/leveldb.framework",
				"${BUILT_PRODUCTS_DIR}/nanopb/nanopb.framework",
			);
			name = "[CP] Embed Pods Frameworks";
			outputFileListPaths = (
			);
			outputPaths = (
				"${TARGET_BUILD_DIR}/${FRAMEWORKS_FOLDER_PATH}/GTMSessionFetcher.framework",
				"${TARGET_BUILD_DIR}/${FRAMEWORKS_FOLDER_PATH}/GoogleUtilities.framework",
				"${TARGET_BUILD_DIR}/${FRAMEWORKS_FOLDER_PATH}/SDWebImage.framework",
				"${TARGET_BUILD_DIR}/${FRAMEWORKS_FOLDER_PATH}/leveldb.framework",
				"${TARGET_BUILD_DIR}/${FRAMEWORKS_FOLDER_PATH}/nanopb.framework",
			);
			runOnlyForDeploymentPostprocessing = 0;
			shellPath = /bin/sh;
			shellScript = "\"${PODS_ROOT}/Target Support Files/Pods-Snapchat/Pods-Snapchat-frameworks.sh\"\n";
			showEnvVarsInLog = 0;
		};
		D231D4EFCA2EE0642F655804 /* [CP] Check Pods Manifest.lock */ = {
			isa = PBXShellScriptBuildPhase;
			buildActionMask = 2147483647;
			files = (
			);
			inputFileListPaths = (
			);
			inputPaths = (
				"${PODS_PODFILE_DIR_PATH}/Podfile.lock",
				"${PODS_ROOT}/Manifest.lock",
			);
			name = "[CP] Check Pods Manifest.lock";
			outputFileListPaths = (
			);
			outputPaths = (
				"$(DERIVED_FILE_DIR)/Pods-Snapchat-checkManifestLockResult.txt",
			);
			runOnlyForDeploymentPostprocessing = 0;
			shellPath = /bin/sh;
			shellScript = "diff \"${PODS_PODFILE_DIR_PATH}/Podfile.lock\" \"${PODS_ROOT}/Manifest.lock\" > /dev/null\nif [ $? != 0 ] ; then\n    # print error to STDERR\n    echo \"error: The sandbox is not in sync with the Podfile.lock. Run 'pod install' or update your CocoaPods installation.\" >&2\n    exit 1\nfi\n# This output is used by Xcode 'outputs' to avoid re-running this script phase.\necho \"SUCCESS\" > \"${SCRIPT_OUTPUT_FILE_0}\"\n";
			showEnvVarsInLog = 0;
		};
/* End PBXShellScriptBuildPhase section */

/* Begin PBXSourcesBuildPhase section */
		183E5D5F226CA984000F51B5 /* Sources */ = {
			isa = PBXSourcesBuildPhase;
			buildActionMask = 2147483647;
			files = (
				1891FE752294E3490070BFBD /* DetalhesSnapViewController.swift in Sources */,
				189D14D422908DF30076448A /* SnapsViewController.swift in Sources */,
				1891FE73229496EE0070BFBD /* Snap.swift in Sources */,
				18B49C1522937A4D00B328B5 /* Usuario.swift in Sources */,
				183E5D69226CA984000F51B5 /* ViewController.swift in Sources */,
				18B49C13229376EE00B328B5 /* UsersTableViewController.swift in Sources */,
				183E5D67226CA984000F51B5 /* AppDelegate.swift in Sources */,
				183E5D7C226CB923000F51B5 /* EntrarViewController.swift in Sources */,
				189D14D622908E2E0076448A /* FotoViewController.swift in Sources */,
				183E5D7E226CB93B000F51B5 /* CadastroViewController.swift in Sources */,
				18B49C112293679500B328B5 /* Alerta.swift in Sources */,
			);
			runOnlyForDeploymentPostprocessing = 0;
		};
/* End PBXSourcesBuildPhase section */

/* Begin PBXVariantGroup section */
		183E5D6A226CA984000F51B5 /* Main.storyboard */ = {
			isa = PBXVariantGroup;
			children = (
				183E5D6B226CA984000F51B5 /* Base */,
			);
			name = Main.storyboard;
			sourceTree = "<group>";
		};
		183E5D6F226CA986000F51B5 /* LaunchScreen.storyboard */ = {
			isa = PBXVariantGroup;
			children = (
				183E5D70226CA986000F51B5 /* Base */,
			);
			name = LaunchScreen.storyboard;
			sourceTree = "<group>";
		};
/* End PBXVariantGroup section */

/* Begin XCBuildConfiguration section */
		183E5D73226CA986000F51B5 /* Debug */ = {
			isa = XCBuildConfiguration;
			buildSettings = {
				ALWAYS_SEARCH_USER_PATHS = NO;
				CLANG_ANALYZER_NONNULL = YES;
				CLANG_ANALYZER_NUMBER_OBJECT_CONVERSION = YES_AGGRESSIVE;
				CLANG_CXX_LANGUAGE_STANDARD = "gnu++14";
				CLANG_CXX_LIBRARY = "libc++";
				CLANG_ENABLE_MODULES = YES;
				CLANG_ENABLE_OBJC_ARC = YES;
				CLANG_ENABLE_OBJC_WEAK = YES;
				CLANG_WARN_BLOCK_CAPTURE_AUTORELEASING = YES;
				CLANG_WARN_BOOL_CONVERSION = YES;
				CLANG_WARN_COMMA = YES;
				CLANG_WARN_CONSTANT_CONVERSION = YES;
				CLANG_WARN_DEPRECATED_OBJC_IMPLEMENTATIONS = YES;
				CLANG_WARN_DIRECT_OBJC_ISA_USAGE = YES_ERROR;
				CLANG_WARN_DOCUMENTATION_COMMENTS = YES;
				CLANG_WARN_EMPTY_BODY = YES;
				CLANG_WARN_ENUM_CONVERSION = YES;
				CLANG_WARN_INFINITE_RECURSION = YES;
				CLANG_WARN_INT_CONVERSION = YES;
				CLANG_WARN_NON_LITERAL_NULL_CONVERSION = YES;
				CLANG_WARN_OBJC_IMPLICIT_RETAIN_SELF = YES;
				CLANG_WARN_OBJC_LITERAL_CONVERSION = YES;
				CLANG_WARN_OBJC_ROOT_CLASS = YES_ERROR;
				CLANG_WARN_RANGE_LOOP_ANALYSIS = YES;
				CLANG_WARN_STRICT_PROTOTYPES = YES;
				CLANG_WARN_SUSPICIOUS_MOVE = YES;
				CLANG_WARN_UNGUARDED_AVAILABILITY = YES_AGGRESSIVE;
				CLANG_WARN_UNREACHABLE_CODE = YES;
				CLANG_WARN__DUPLICATE_METHOD_MATCH = YES;
				CODE_SIGN_IDENTITY = "iPhone Developer";
				COPY_PHASE_STRIP = NO;
				DEBUG_INFORMATION_FORMAT = dwarf;
				ENABLE_STRICT_OBJC_MSGSEND = YES;
				ENABLE_TESTABILITY = YES;
				GCC_C_LANGUAGE_STANDARD = gnu11;
				GCC_DYNAMIC_NO_PIC = NO;
				GCC_NO_COMMON_BLOCKS = YES;
				GCC_OPTIMIZATION_LEVEL = 0;
				GCC_PREPROCESSOR_DEFINITIONS = (
					"DEBUG=1",
					"$(inherited)",
				);
				GCC_WARN_64_TO_32_BIT_CONVERSION = YES;
				GCC_WARN_ABOUT_RETURN_TYPE = YES_ERROR;
				GCC_WARN_UNDECLARED_SELECTOR = YES;
				GCC_WARN_UNINITIALIZED_AUTOS = YES_AGGRESSIVE;
				GCC_WARN_UNUSED_FUNCTION = YES;
				GCC_WARN_UNUSED_VARIABLE = YES;
				IPHONEOS_DEPLOYMENT_TARGET = 12.2;
				MTL_ENABLE_DEBUG_INFO = INCLUDE_SOURCE;
				MTL_FAST_MATH = YES;
				ONLY_ACTIVE_ARCH = YES;
				SDKROOT = iphoneos;
				SWIFT_ACTIVE_COMPILATION_CONDITIONS = DEBUG;
				SWIFT_OPTIMIZATION_LEVEL = "-Onone";
			};
			name = Debug;
		};
		183E5D74226CA986000F51B5 /* Release */ = {
			isa = XCBuildConfiguration;
			buildSettings = {
				ALWAYS_SEARCH_USER_PATHS = NO;
				CLANG_ANALYZER_NONNULL = YES;
				CLANG_ANALYZER_NUMBER_OBJECT_CONVERSION = YES_AGGRESSIVE;
				CLANG_CXX_LANGUAGE_STANDARD = "gnu++14";
				CLANG_CXX_LIBRARY = "libc++";
				CLANG_ENABLE_MODULES = YES;
				CLANG_ENABLE_OBJC_ARC = YES;
				CLANG_ENABLE_OBJC_WEAK = YES;
				CLANG_WARN_BLOCK_CAPTURE_AUTORELEASING = YES;
				CLANG_WARN_BOOL_CONVERSION = YES;
				CLANG_WARN_COMMA = YES;
				CLANG_WARN_CONSTANT_CONVERSION = YES;
				CLANG_WARN_DEPRECATED_OBJC_IMPLEMENTATIONS = YES;
				CLANG_WARN_DIRECT_OBJC_ISA_USAGE = YES_ERROR;
				CLANG_WARN_DOCUMENTATION_COMMENTS = YES;
				CLANG_WARN_EMPTY_BODY = YES;
				CLANG_WARN_ENUM_CONVERSION = YES;
				CLANG_WARN_INFINITE_RECURSION = YES;
				CLANG_WARN_INT_CONVERSION = YES;
				CLANG_WARN_NON_LITERAL_NULL_CONVERSION = YES;
				CLANG_WARN_OBJC_IMPLICIT_RETAIN_SELF = YES;
				CLANG_WARN_OBJC_LITERAL_CONVERSION = YES;
				CLANG_WARN_OBJC_ROOT_CLASS = YES_ERROR;
				CLANG_WARN_RANGE_LOOP_ANALYSIS = YES;
				CLANG_WARN_STRICT_PROTOTYPES = YES;
				CLANG_WARN_SUSPICIOUS_MOVE = YES;
				CLANG_WARN_UNGUARDED_AVAILABILITY = YES_AGGRESSIVE;
				CLANG_WARN_UNREACHABLE_CODE = YES;
				CLANG_WARN__DUPLICATE_METHOD_MATCH = YES;
				CODE_SIGN_IDENTITY = "iPhone Developer";
				COPY_PHASE_STRIP = NO;
				DEBUG_INFORMATION_FORMAT = "dwarf-with-dsym";
				ENABLE_NS_ASSERTIONS = NO;
				ENABLE_STRICT_OBJC_MSGSEND = YES;
				GCC_C_LANGUAGE_STANDARD = gnu11;
				GCC_NO_COMMON_BLOCKS = YES;
				GCC_WARN_64_TO_32_BIT_CONVERSION = YES;
				GCC_WARN_ABOUT_RETURN_TYPE = YES_ERROR;
				GCC_WARN_UNDECLARED_SELECTOR = YES;
				GCC_WARN_UNINITIALIZED_AUTOS = YES_AGGRESSIVE;
				GCC_WARN_UNUSED_FUNCTION = YES;
				GCC_WARN_UNUSED_VARIABLE = YES;
				IPHONEOS_DEPLOYMENT_TARGET = 12.2;
				MTL_ENABLE_DEBUG_INFO = NO;
				MTL_FAST_MATH = YES;
				SDKROOT = iphoneos;
				SWIFT_COMPILATION_MODE = wholemodule;
				SWIFT_OPTIMIZATION_LEVEL = "-O";
				VALIDATE_PRODUCT = YES;
			};
			name = Release;
		};
		183E5D76226CA986000F51B5 /* Debug */ = {
			isa = XCBuildConfiguration;
			baseConfigurationReference = B42A4EA1389E63033B8946C9 /* Pods-Snapchat.debug.xcconfig */;
			buildSettings = {
				ASSETCATALOG_COMPILER_APPICON_NAME = AppIcon;
				CODE_SIGN_ENTITLEMENTS = Snapchat/Snapchat.entitlements;
				CODE_SIGN_STYLE = Automatic;
				DEVELOPMENT_TEAM = 3FSL3H2A8Z;
				INFOPLIST_FILE = Snapchat/Info.plist;
				LD_RUNPATH_SEARCH_PATHS = (
					"$(inherited)",
					"@executable_path/Frameworks",
				);
				PRODUCT_BUNDLE_IDENTIFIER = ios.tairone.Snapchat;
				PRODUCT_NAME = "$(TARGET_NAME)";
				SWIFT_VERSION = 5.0;
				TARGETED_DEVICE_FAMILY = "1,2";
			};
			name = Debug;
		};
		183E5D77226CA986000F51B5 /* Release */ = {
			isa = XCBuildConfiguration;
			baseConfigurationReference = 5FF0E8FA1EFE59B9E5CCD558 /* Pods-Snapchat.release.xcconfig */;
			buildSettings = {
				ASSETCATALOG_COMPILER_APPICON_NAME = AppIcon;
				CODE_SIGN_ENTITLEMENTS = Snapchat/Snapchat.entitlements;
				CODE_SIGN_STYLE = Automatic;
				DEVELOPMENT_TEAM = 3FSL3H2A8Z;
				INFOPLIST_FILE = Snapchat/Info.plist;
				LD_RUNPATH_SEARCH_PATHS = (
					"$(inherited)",
					"@executable_path/Frameworks",
				);
				PRODUCT_BUNDLE_IDENTIFIER = ios.tairone.Snapchat;
				PRODUCT_NAME = "$(TARGET_NAME)";
				SWIFT_VERSION = 5.0;
				TARGETED_DEVICE_FAMILY = "1,2";
			};
			name = Release;
		};
/* End XCBuildConfiguration section */

/* Begin XCConfigurationList section */
		183E5D5E226CA984000F51B5 /* Build configuration list for PBXProject "Snapchat" */ = {
			isa = XCConfigurationList;
			buildConfigurations = (
				183E5D73226CA986000F51B5 /* Debug */,
				183E5D74226CA986000F51B5 /* Release */,
			);
			defaultConfigurationIsVisible = 0;
			defaultConfigurationName = Release;
		};
		183E5D75226CA986000F51B5 /* Build configuration list for PBXNativeTarget "Snapchat" */ = {
			isa = XCConfigurationList;
			buildConfigurations = (
				183E5D76226CA986000F51B5 /* Debug */,
				183E5D77226CA986000F51B5 /* Release */,
			);
			defaultConfigurationIsVisible = 0;
			defaultConfigurationName = Release;
		};
/* End XCConfigurationList section */
	};
	rootObject = 183E5D5B226CA984000F51B5 /* Project object */;
}
